{
    "_meta": {
        "hash": {
            "sha256": "90d760e980e4fd465add1d0b17c59dd0ff15772234dda80c916bf26d997030a8"
        },
        "pipfile-spec": 6,
        "requires": {
            "python_version": "3.8"
        },
        "sources": [
            {
                "name": "pypi",
                "url": "https://pypi.org/simple",
                "verify_ssl": true
            }
        ]
    },
    "default": {
        "click": {
            "hashes": [
                "sha256:353f466495adaeb40b6b5f592f9f91cb22372351c84caeb068132442a4518ef3",
                "sha256:410e932b050f5eed773c4cda94de75971c89cdb3155a72a0831139a79e5ecb5b"
            ],
            "markers": "python_version >= '3.6'",
            "version": "==8.0.3"
        },
        "modbus4mqtt": {
            "hashes": [
                "sha256:6d3c58667518ec64c37b8c79e0de0025506c2ff275f392be4ca62a57e2bf4908",
                "sha256:e3ef39f85e1da47b2eb53bea2821ab60e230c13052da9b6abb5210e110c6d2e8"
            ],
            "index": "pypi",
            "version": "==0.5.1"
        },
        "paho-mqtt": {
            "hashes": [
                "sha256:2a8291c81623aec00372b5a85558a372c747cbca8e9934dfe218638b8eefc26f"
            ],
            "version": "==1.6.1"
        },
        "pycryptodomex": {
            "hashes": [
                "sha256:011e859026ecbd15b8e720e8992361186e582cf726c50bde6ff8c0c05e820ddf",
                "sha256:0b42e2743893f386dfb58fe24a4c8be5305c3d1c825d5f23d9e63fd0700d1110",
                "sha256:0b7154aff2272962355f8941fd514104a88cb29db2d8f43a29af900d6398eb1c",
                "sha256:0bc4b7bfaac56e6dfd62044847443a3d110c7abea7fcb0d68c1aea64ed3a6697",
                "sha256:10c2eed4efdfa084b602ab922e699a0a2ba82053baebfc8afcaf27489def7955",
                "sha256:1c04cfff163c05d033bf28e3c4429d8222796738c7b6c1638b9d7090b904611e",
                "sha256:23707238b024b36c35dd3428f5af6c1f0c5ef54c21e387a2063633717699b8b2",
                "sha256:371bbe0be17b4dd8cc0c2f378d75ea33f00d5a39884c09a672016ac40145a5fa",
                "sha256:39eb1f82ac3ba3e39d866f38e480e8fa53fcdd22260340f05f54a8188d47d510",
                "sha256:3f3c58971784fba0e014bc3f8aed1197b86719631e1b597d36d7354be5598312",
                "sha256:5ca98de2e5ac100e57a7116309723360e8f799f722509e376dc396cdf65eec9c",
                "sha256:62f51a63d73153482729904381dd2de86800b0733a8814ee8f072fa73e5c92fb",
                "sha256:76414d39df6b45bcc4f38cf1ba2031e0f4b8e99d1ba3c2eee31ffe1b9f039733",
                "sha256:8dffe067d5fff14dba4d18ff7d459cc2a47576d82dafbff13a8f1199c3353e41",
                "sha256:96000b837bcd8e3bf86b419924a056c978e45027281e4318650c81c25a3ef6cc",
                "sha256:9919a1edd2a83c4dfb69f1d8a4c0c5efde7147ef15b07775633372b80c90b5d8",
                "sha256:aab7941c2ff53eb63cb26252770e4f14386d79ce07baeffbf98a1323c1646545",
                "sha256:ac562e239d98cfef763866c0aee4586affb0d58c592202f06c87241af99db241",
                "sha256:ae75eea2e908383fd4c659fdcfe9621a72869e3e3ee73904227e93b7f7b80b54",
                "sha256:b5c336dc698650283ad06f8c0237a984087d0af9f403ff21d633507335628156",
                "sha256:beb5f0664f49b6093da179ee8e27c1d670779f50b9ece0886ce491bb8bd63728",
                "sha256:c1ae2fb8d5d6771670436dcc889b293e363c97647a6d31c21eebc12b7b760010",
                "sha256:c9332b04bf3f838327087b028f690f4ddb9341eb014a0221e79b9c19a77f7555",
                "sha256:c9cb88ed323be1aa642b3c17cd5caa1a03c3a8fbad092d48ecefe88e328ffae3",
                "sha256:d45d0d35a238d838b872598fa865bbfb31aaef9aeeda77c68b04ef79f9a469dc",
                "sha256:d7a77391fd351ff1bdf8475558ddc6e92950218cb905419ee14aa02f370f1054",
                "sha256:de5a43901e47e7a6938490fc5de3074f6e35c8b481a75b227c0d24d6099bd41d",
                "sha256:e94a7e986b117b72e9472f8eafdd81748dafff30815401f9760f759f1debe9ef",
                "sha256:ed3bdda44cc05dd13eee697ab9bea6928531bb7b218e68e66d0d3eb2ebab043e",
                "sha256:f24f49fc6bd706d87048654d6be6c7c967d6836d4879e3a7c439275fab9948ad",
                "sha256:f8a97b1acd36e9ce9d4067d94a8be99c458f0eb8070828639302a95cfcf0770b",
                "sha256:f8b3d9e7c17c1ffc1fa5b11c0bbab8a5df3de8596bb32ad30281b21e5ede4bf5"
            ],
            "index": "pypi",
            "markers": "python_version >= '2.7' and python_version not in '3.0, 3.1, 3.2, 3.3, 3.4'",
            "version": "==3.19.1"
        },
        "pymodbus": {
            "hashes": [
                "sha256:5ef68c1a109bdb467c830ef003ef2db6494349a5248e4af946fe21c9eefe7e74",
                "sha256:6f91403294a73b5a1616a11309f93c0b782115c09379438ef7ebc5bdf86182e9"
            ],
            "markers": "python_version >= '2.7' and python_version not in '3.0, 3.1, 3.2, 3.3, 3.4, 3.5'",
            "version": "==2.5.3"
        },
        "pyserial": {
            "hashes": [
                "sha256:3c77e014170dfffbd816e6ffc205e9842efb10be9f58ec16d3e8675b4925cddb",
                "sha256:c4451db6ba391ca6ca299fb3ec7bae67a5c55dde170964c7a14ceefec02f2cf0"
            ],
            "version": "==3.5"
        },
        "ruamel.yaml": {
            "hashes": [
                "sha256:4b8a33c1efb2b443a93fcaafcfa4d2e445f8e8c29c528d9f5cdafb7cc9e4004c",
                "sha256:810eef9c46523a3f77479c66267a4708255ebe806a2d540078408c2227f011af"
            ],
            "markers": "python_version >= '3'",
            "version": "==0.17.20"
        },
        "ruamel.yaml.clib": {
            "hashes": [
                "sha256:0847201b767447fc33b9c235780d3aa90357d20dd6108b92be544427bea197dd",
                "sha256:1070ba9dd7f9370d0513d649420c3b362ac2d687fe78c6e888f5b12bf8bc7bee",
                "sha256:1866cf2c284a03b9524a5cc00daca56d80057c5ce3cdc86a52020f4c720856f0",
                "sha256:221eca6f35076c6ae472a531afa1c223b9c29377e62936f61bc8e6e8bdc5f9e7",
                "sha256:31ea73e564a7b5fbbe8188ab8b334393e06d997914a4e184975348f204790277",
                "sha256:3fb9575a5acd13031c57a62cc7823e5d2ff8bc3835ba4d94b921b4e6ee664104",
                "sha256:4ff604ce439abb20794f05613c374759ce10e3595d1867764dd1ae675b85acbd",
                "sha256:6e7be2c5bcb297f5b82fee9c665eb2eb7001d1050deaba8471842979293a80b0",
                "sha256:72a2b8b2ff0a627496aad76f37a652bcef400fd861721744201ef1b45199ab78",
                "sha256:77df077d32921ad46f34816a9a16e6356d8100374579bc35e15bab5d4e9377de",
                "sha256:78988ed190206672da0f5d50c61afef8f67daa718d614377dcd5e3ed85ab4a99",
                "sha256:7b2927e92feb51d830f531de4ccb11b320255ee95e791022555971c466af4527",
                "sha256:7f7ecb53ae6848f959db6ae93bdff1740e651809780822270eab111500842a84",
                "sha256:825d5fccef6da42f3c8eccd4281af399f21c02b32d98e113dbc631ea6a6ecbc7",
                "sha256:846fc8336443106fe23f9b6d6b8c14a53d38cef9a375149d61f99d78782ea468",
                "sha256:89221ec6d6026f8ae859c09b9718799fea22c0e8da8b766b0b2c9a9ba2db326b",
                "sha256:9efef4aab5353387b07f6b22ace0867032b900d8e91674b5d8ea9150db5cae94",
                "sha256:a32f8d81ea0c6173ab1b3da956869114cae53ba1e9f72374032e33ba3118c233",
                "sha256:a49e0161897901d1ac9c4a79984b8410f450565bbad64dbfcbf76152743a0cdb",
                "sha256:ada3f400d9923a190ea8b59c8f60680c4ef8a4b0dfae134d2f2ff68429adfab5",
                "sha256:bf75d28fa071645c529b5474a550a44686821decebdd00e21127ef1fd566eabe",
                "sha256:cfdb9389d888c5b74af297e51ce357b800dd844898af9d4a547ffc143fa56751",
                "sha256:d67f273097c368265a7b81e152e07fb90ed395df6e552b9fa858c6d2c9f42502",
                "sha256:dc6a613d6c74eef5a14a214d433d06291526145431c3b964f5e16529b1842bed",
                "sha256:de9c6b8a1ba52919ae919f3ae96abb72b994dd0350226e28f3686cb4f142165c"
            ],
            "markers": "platform_python_implementation == 'CPython' and python_version < '3.11'",
            "version": "==0.2.6"
        },
        "six": {
            "hashes": [
                "sha256:1e61c37477a1626458e36f7b1d82aa5c9b094fa4802892072e49de9c60c4c926",
                "sha256:8abb2f1d86890a2dfb989f9a77cfcfd3e47c2a354b01111771326f8aa26e0254"
            ],
            "markers": "python_version >= '2.7' and python_version not in '3.0, 3.1, 3.2'",
            "version": "==1.16.0"
        },
        "sungrowmodbustcpclient": {
            "hashes": [
                "sha256:8d18ba37aab60e3b774c522f59414fb3d6d0aecd881870123e3557f209b66de6",
                "sha256:dd6780fe0f3bd554c303da50d74770563df211df3aa5122d4ec6491c6bd83566"
            ],
            "markers": "python_full_version >= '3.5.0'",
            "version": "==0.1.6"
        }
    },
    "develop": {}
}
